
Microsoft Visual Studio Solution File, Format Version 12.00
# Visual Studio 14
VisualStudioVersion = 14.0.25420.1
MinimumVisualStudioVersion = 10.0.40219.1
Project("{2150E333-8FDC-42A3-9474-1A3956D46DE8}") = "src", "src", "{FDC821CE-8826-47DE-B272-97D8CC05C9D4}"
EndProject
Project("{2150E333-8FDC-42A3-9474-1A3956D46DE8}") = "Solution Items", "Solution Items", "{497C2DB3-99CA-46CC-9F4C-2E397392EDAF}"
	ProjectSection(SolutionItems) = preProject
		global.json = global.json
	EndProjectSection
EndProject
Project("{8BB2217D-0F2D-49D1-97BC-3654ED321F3B}") = "QuickstartIdentityServer", "src\QuickstartIdentityServer\QuickstartIdentityServer.xproj", "{38D3AA9C-EC77-44AD-B0BC-6A979D9224CB}"
EndProject
Project("{8BB2217D-0F2D-49D1-97BC-3654ED321F3B}") = "ApiIdentity", "src\ApiIdentity\ApiIdentity.xproj", "{EB5F5C64-05C4-4F5B-9D5C-00FA2A7CFAA1}"
EndProject
Project("{FAE04EC0-301F-11D3-BF4B-00C04F79EFBC}") = "ClientIdentity", "ClientIdentity\ClientIdentity.csproj", "{8394FB9B-8641-437C-BFDD-53F277B533F7}"
EndProject
Project("{8BB2217D-0F2D-49D1-97BC-3654ED321F3B}") = "WebClientIdentityServer", "src\WebClientIdentityServer\WebClientIdentityServer.xproj", "{982AF589-4D21-4E46-9D0A-4FACFAF9FBA3}"
EndProject
Global
	GlobalSection(SolutionConfigurationPlatforms) = preSolution
		Debug|Any CPU = Debug|Any CPU
		Release|Any CPU = Release|Any CPU
	EndGlobalSection
	GlobalSection(ProjectConfigurationPlatforms) = postSolution
		{38D3AA9C-EC77-44AD-B0BC-6A979D9224CB}.Debug|Any CPU.ActiveCfg = Debug|Any CPU
		{38D3AA9C-EC77-44AD-B0BC-6A979D9224CB}.Debug|Any CPU.Build.0 = Debug|Any CPU
		{38D3AA9C-EC77-44AD-B0BC-6A979D9224CB}.Release|Any CPU.ActiveCfg = Release|Any CPU
		{38D3AA9C-EC77-44AD-B0BC-6A979D9224CB}.Release|Any CPU.Build.0 = Release|Any CPU
		{EB5F5C64-05C4-4F5B-9D5C-00FA2A7CFAA1}.Debug|Any CPU.ActiveCfg = Debug|Any CPU
		{EB5F5C64-05C4-4F5B-9D5C-00FA2A7CFAA1}.Debug|Any CPU.Build.0 = Debug|Any CPU
		{EB5F5C64-05C4-4F5B-9D5C-00FA2A7CFAA1}.Release|Any CPU.ActiveCfg = Release|Any CPU
		{EB5F5C64-05C4-4F5B-9D5C-00FA2A7CFAA1}.Release|Any CPU.Build.0 = Release|Any CPU
		{8394FB9B-8641-437C-BFDD-53F277B533F7}.Debug|Any CPU.ActiveCfg = Debug|Any CPU
		{8394FB9B-8641-437C-BFDD-53F277B533F7}.Debug|Any CPU.Build.0 = Debug|Any CPU
		{8394FB9B-8641-437C-BFDD-53F277B533F7}.Release|Any CPU.ActiveCfg = Release|Any CPU
		{8394FB9B-8641-437C-BFDD-53F277B533F7}.Release|Any CPU.Build.0 = Release|Any CPU
		{982AF589-4D21-4E46-9D0A-4FACFAF9FBA3}.Debug|Any CPU.ActiveCfg = Debug|Any CPU
		{982AF589-4D21-4E46-9D0A-4FACFAF9FBA3}.Debug|Any CPU.Build.0 = Debug|Any CPU
		{982AF589-4D21-4E46-9D0A-4FACFAF9FBA3}.Release|Any CPU.ActiveCfg = Release|Any CPU
		{982AF589-4D21-4E46-9D0A-4FACFAF9FBA3}.Release|Any CPU.Build.0 = Release|Any CPU
	EndGlobalSection
	GlobalSection(SolutionProperties) = preSolution
		HideSolutionNode = FALSE
	EndGlobalSection
	GlobalSection(NestedProjects) = preSolution
		{38D3AA9C-EC77-44AD-B0BC-6A979D9224CB} = {FDC821CE-8826-47DE-B272-97D8CC05C9D4}
		{EB5F5C64-05C4-4F5B-9D5C-00FA2A7CFAA1} = {FDC821CE-8826-47DE-B272-97D8CC05C9D4}
		{982AF589-4D21-4E46-9D0A-4FACFAF9FBA3} = {FDC821CE-8826-47DE-B272-97D8CC05C9D4}
	EndGlobalSection
EndGlobal
